
Microsoft Visual Studio Solution File, Format Version 12.00
# Visual Studio Version 17
VisualStudioVersion = 17.14.36518.9
MinimumVisualStudioVersion = 10.0.40219.1
Project("{FAE04EC0-301F-11D3-BF4B-00C04F79EFBC}") = "SegundoSemestre", "SegundoSemestre\SegundoSemestre.csproj", "{ABEDF06D-9512-4140-B759-BB7D138EA6F8}"
EndProject
Project("{FAE04EC0-301F-11D3-BF4B-00C04F79EFBC}") = "Generics", "Generics\Generics.csproj", "{B599EAE0-6C87-403D-A511-B841ED70F6FF}"
EndProject
Project("{FAE04EC0-301F-11D3-BF4B-00C04F79EFBC}") = "List_Dict", "List_Dict\List_Dict.csproj", "{85690659-BEB2-4870-93F1-3BA5CFFF9087}"
EndProject
Project("{FAE04EC0-301F-11D3-BF4B-00C04F79EFBC}") = "GenericsClass", "GenericsClass\GenericsClass.csproj", "{31A2FE52-E97B-47CE-AB38-960ED0EE04B5}"
EndProject
Project("{FAE04EC0-301F-11D3-BF4B-00C04F79EFBC}") = "DesafioCadastroAluno", "DesafioCadastroAluno\DesafioCadastroAluno.csproj", "{B03F5927-98D7-490F-89E1-E1F1E67347F5}"
EndProject
Project("{FAE04EC0-301F-11D3-BF4B-00C04F79EFBC}") = "DesafioCadasroAlunoWPF", "DesafioCadasroAlunoWPF\DesafioCadasroAlunoWPF.csproj", "{D0CA9A68-F6BC-4903-8975-5E904AFFD369}"
EndProject
Global
	GlobalSection(SolutionConfigurationPlatforms) = preSolution
		Debug|Any CPU = Debug|Any CPU
		Release|Any CPU = Release|Any CPU
	EndGlobalSection
	GlobalSection(ProjectConfigurationPlatforms) = postSolution
		{ABEDF06D-9512-4140-B759-BB7D138EA6F8}.Debug|Any CPU.ActiveCfg = Debug|Any CPU
		{ABEDF06D-9512-4140-B759-BB7D138EA6F8}.Debug|Any CPU.Build.0 = Debug|Any CPU
		{ABEDF06D-9512-4140-B759-BB7D138EA6F8}.Release|Any CPU.ActiveCfg = Release|Any CPU
		{ABEDF06D-9512-4140-B759-BB7D138EA6F8}.Release|Any CPU.Build.0 = Release|Any CPU
		{B599EAE0-6C87-403D-A511-B841ED70F6FF}.Debug|Any CPU.ActiveCfg = Debug|Any CPU
		{B599EAE0-6C87-403D-A511-B841ED70F6FF}.Debug|Any CPU.Build.0 = Debug|Any CPU
		{B599EAE0-6C87-403D-A511-B841ED70F6FF}.Release|Any CPU.ActiveCfg = Release|Any CPU
		{B599EAE0-6C87-403D-A511-B841ED70F6FF}.Release|Any CPU.Build.0 = Release|Any CPU
		{85690659-BEB2-4870-93F1-3BA5CFFF9087}.Debug|Any CPU.ActiveCfg = Debug|Any CPU
		{85690659-BEB2-4870-93F1-3BA5CFFF9087}.Debug|Any CPU.Build.0 = Debug|Any CPU
		{85690659-BEB2-4870-93F1-3BA5CFFF9087}.Release|Any CPU.ActiveCfg = Release|Any CPU
		{85690659-BEB2-4870-93F1-3BA5CFFF9087}.Release|Any CPU.Build.0 = Release|Any CPU
		{31A2FE52-E97B-47CE-AB38-960ED0EE04B5}.Debug|Any CPU.ActiveCfg = Debug|Any CPU
		{31A2FE52-E97B-47CE-AB38-960ED0EE04B5}.Debug|Any CPU.Build.0 = Debug|Any CPU
		{31A2FE52-E97B-47CE-AB38-960ED0EE04B5}.Release|Any CPU.ActiveCfg = Release|Any CPU
		{31A2FE52-E97B-47CE-AB38-960ED0EE04B5}.Release|Any CPU.Build.0 = Release|Any CPU
		{B03F5927-98D7-490F-89E1-E1F1E67347F5}.Debug|Any CPU.ActiveCfg = Debug|Any CPU
		{B03F5927-98D7-490F-89E1-E1F1E67347F5}.Debug|Any CPU.Build.0 = Debug|Any CPU
		{B03F5927-98D7-490F-89E1-E1F1E67347F5}.Release|Any CPU.ActiveCfg = Release|Any CPU
		{B03F5927-98D7-490F-89E1-E1F1E67347F5}.Release|Any CPU.Build.0 = Release|Any CPU
		{D0CA9A68-F6BC-4903-8975-5E904AFFD369}.Debug|Any CPU.ActiveCfg = Debug|Any CPU
		{D0CA9A68-F6BC-4903-8975-5E904AFFD369}.Debug|Any CPU.Build.0 = Debug|Any CPU
		{D0CA9A68-F6BC-4903-8975-5E904AFFD369}.Release|Any CPU.ActiveCfg = Release|Any CPU
		{D0CA9A68-F6BC-4903-8975-5E904AFFD369}.Release|Any CPU.Build.0 = Release|Any CPU
	EndGlobalSection
	GlobalSection(SolutionProperties) = preSolution
		HideSolutionNode = FALSE
	EndGlobalSection
	GlobalSection(ExtensibilityGlobals) = postSolution
		SolutionGuid = {1C246C5D-A6DB-41A7-82DB-6FB7D3666AE4}
	EndGlobalSection
EndGlobal
