
Microsoft Visual Studio Solution File, Format Version 12.00
# Visual Studio Version 17
VisualStudioVersion = 17.14.36518.9
MinimumVisualStudioVersion = 10.0.40219.1
Project("{FAE04EC0-301F-11D3-BF4B-00C04F79EFBC}") = "DevC", "DevC\DevC.csproj", "{97249422-DB6F-47F5-BF0D-BB93B187431D}"
EndProject
Project("{FAE04EC0-301F-11D3-BF4B-00C04F79EFBC}") = "Piramide", "Piramide\Piramide.csproj", "{19295B8D-87A5-491B-9C04-8CF27088BA4B}"
EndProject
Project("{FAE04EC0-301F-11D3-BF4B-00C04F79EFBC}") = "CalcArea", "CalcArea\CalcArea.csproj", "{75A9AF09-A075-4C3C-9169-2CD17C5FEE13}"
EndProject
Project("{FAE04EC0-301F-11D3-BF4B-00C04F79EFBC}") = "ComparaIdade", "ComparaIdade\ComparaIdade.csproj", "{AE387851-87A7-41CC-8BC5-765FD7101AC1}"
EndProject
Project("{FAE04EC0-301F-11D3-BF4B-00C04F79EFBC}") = "Senha", "Senha\Senha.csproj", "{670C6BFD-AADD-4048-9B64-71DD0507E9BF}"
EndProject
Project("{FAE04EC0-301F-11D3-BF4B-00C04F79EFBC}") = "Classes", "Classes\Classes.csproj", "{F4A79B33-D968-4745-AE9C-8653F63EE7FD}"
EndProject
Project("{FAE04EC0-301F-11D3-BF4B-00C04F79EFBC}") = "Polimorfismo", "Polimorfismo\Polimorfismo.csproj", "{C80C5403-F2E0-41E3-8817-BB485BFA61A7}"
EndProject
Global
	GlobalSection(SolutionConfigurationPlatforms) = preSolution
		Debug|Any CPU = Debug|Any CPU
		Release|Any CPU = Release|Any CPU
	EndGlobalSection
	GlobalSection(ProjectConfigurationPlatforms) = postSolution
		{97249422-DB6F-47F5-BF0D-BB93B187431D}.Debug|Any CPU.ActiveCfg = Debug|Any CPU
		{97249422-DB6F-47F5-BF0D-BB93B187431D}.Debug|Any CPU.Build.0 = Debug|Any CPU
		{97249422-DB6F-47F5-BF0D-BB93B187431D}.Release|Any CPU.ActiveCfg = Release|Any CPU
		{97249422-DB6F-47F5-BF0D-BB93B187431D}.Release|Any CPU.Build.0 = Release|Any CPU
		{19295B8D-87A5-491B-9C04-8CF27088BA4B}.Debug|Any CPU.ActiveCfg = Debug|Any CPU
		{19295B8D-87A5-491B-9C04-8CF27088BA4B}.Debug|Any CPU.Build.0 = Debug|Any CPU
		{19295B8D-87A5-491B-9C04-8CF27088BA4B}.Release|Any CPU.ActiveCfg = Release|Any CPU
		{19295B8D-87A5-491B-9C04-8CF27088BA4B}.Release|Any CPU.Build.0 = Release|Any CPU
		{75A9AF09-A075-4C3C-9169-2CD17C5FEE13}.Debug|Any CPU.ActiveCfg = Debug|Any CPU
		{75A9AF09-A075-4C3C-9169-2CD17C5FEE13}.Debug|Any CPU.Build.0 = Debug|Any CPU
		{75A9AF09-A075-4C3C-9169-2CD17C5FEE13}.Release|Any CPU.ActiveCfg = Release|Any CPU
		{75A9AF09-A075-4C3C-9169-2CD17C5FEE13}.Release|Any CPU.Build.0 = Release|Any CPU
		{AE387851-87A7-41CC-8BC5-765FD7101AC1}.Debug|Any CPU.ActiveCfg = Debug|Any CPU
		{AE387851-87A7-41CC-8BC5-765FD7101AC1}.Debug|Any CPU.Build.0 = Debug|Any CPU
		{AE387851-87A7-41CC-8BC5-765FD7101AC1}.Release|Any CPU.ActiveCfg = Release|Any CPU
		{AE387851-87A7-41CC-8BC5-765FD7101AC1}.Release|Any CPU.Build.0 = Release|Any CPU
		{670C6BFD-AADD-4048-9B64-71DD0507E9BF}.Debug|Any CPU.ActiveCfg = Debug|Any CPU
		{670C6BFD-AADD-4048-9B64-71DD0507E9BF}.Debug|Any CPU.Build.0 = Debug|Any CPU
		{670C6BFD-AADD-4048-9B64-71DD0507E9BF}.Release|Any CPU.ActiveCfg = Release|Any CPU
		{670C6BFD-AADD-4048-9B64-71DD0507E9BF}.Release|Any CPU.Build.0 = Release|Any CPU
		{F4A79B33-D968-4745-AE9C-8653F63EE7FD}.Debug|Any CPU.ActiveCfg = Debug|Any CPU
		{F4A79B33-D968-4745-AE9C-8653F63EE7FD}.Debug|Any CPU.Build.0 = Debug|Any CPU
		{F4A79B33-D968-4745-AE9C-8653F63EE7FD}.Release|Any CPU.ActiveCfg = Release|Any CPU
		{F4A79B33-D968-4745-AE9C-8653F63EE7FD}.Release|Any CPU.Build.0 = Release|Any CPU
		{C80C5403-F2E0-41E3-8817-BB485BFA61A7}.Debug|Any CPU.ActiveCfg = Debug|Any CPU
		{C80C5403-F2E0-41E3-8817-BB485BFA61A7}.Debug|Any CPU.Build.0 = Debug|Any CPU
		{C80C5403-F2E0-41E3-8817-BB485BFA61A7}.Release|Any CPU.ActiveCfg = Release|Any CPU
		{C80C5403-F2E0-41E3-8817-BB485BFA61A7}.Release|Any CPU.Build.0 = Release|Any CPU
	EndGlobalSection
	GlobalSection(SolutionProperties) = preSolution
		HideSolutionNode = FALSE
	EndGlobalSection
	GlobalSection(ExtensibilityGlobals) = postSolution
		SolutionGuid = {1990CA91-860F-4D18-89E6-720C8D8D8E09}
	EndGlobalSection
EndGlobal
